
Microsoft Visual Studio Solution File, Format Version 12.00
# Visual Studio Version 16
VisualStudioVersion = 16.0.30523.141
MinimumVisualStudioVersion = 10.0.40219.1
Project("{FAE04EC0-301F-11D3-BF4B-00C04F79EFBC}") = "Mundial", "Mundial\Mundial.csproj", "{E335F55D-7B66-4559-B989-991EC85935D9}"
EndProject
Global
	GlobalSection(SolutionConfigurationPlatforms) = preSolution
		Debug|Any CPU = Debug|Any CPU
		Release|Any CPU = Release|Any CPU
	EndGlobalSection
	GlobalSection(ProjectConfigurationPlatforms) = postSolution
		{E335F55D-7B66-4559-B989-991EC85935D9}.Debug|Any CPU.ActiveCfg = Debug|Any CPU
		{E335F55D-7B66-4559-B989-991EC85935D9}.Debug|Any CPU.Build.0 = Debug|Any CPU
		{E335F55D-7B66-4559-B989-991EC85935D9}.Release|Any CPU.ActiveCfg = Release|Any CPU
		{E335F55D-7B66-4559-B989-991EC85935D9}.Release|Any CPU.Build.0 = Release|Any CPU
	EndGlobalSection
	GlobalSection(SolutionProperties) = preSolution
		HideSolutionNode = FALSE
	EndGlobalSection
	GlobalSection(ExtensibilityGlobals) = postSolution
		SolutionGuid = {71814205-CAB8-4CBB-B80D-8978F8F179FC}
	EndGlobalSection
EndGlobal
